
Microsoft Visual Studio Solution File, Format Version 12.00
# Visual Studio Version 17
VisualStudioVersion = 17.4.33122.133
MinimumVisualStudioVersion = 10.0.40219.1
Project("{FAE04EC0-301F-11D3-BF4B-00C04F79EFBC}") = "UserRegistration", "UserRegistration.csproj", "{B0BEF9C2-6B5C-4DD1-BD08-8DAE1AA61173}"
EndProject
Global
	GlobalSection(SolutionConfigurationPlatforms) = preSolution
		Debug|Any CPU = Debug|Any CPU
		Release|Any CPU = Release|Any CPU
	EndGlobalSection
	GlobalSection(ProjectConfigurationPlatforms) = postSolution
		{B0BEF9C2-6B5C-4DD1-BD08-8DAE1AA61173}.Debug|Any CPU.ActiveCfg = Debug|Any CPU
		{B0BEF9C2-6B5C-4DD1-BD08-8DAE1AA61173}.Debug|Any CPU.Build.0 = Debug|Any CPU
		{B0BEF9C2-6B5C-4DD1-BD08-8DAE1AA61173}.Release|Any CPU.ActiveCfg = Release|Any CPU
		{B0BEF9C2-6B5C-4DD1-BD08-8DAE1AA61173}.Release|Any CPU.Build.0 = Release|Any CPU
	EndGlobalSection
	GlobalSection(SolutionProperties) = preSolution
		HideSolutionNode = FALSE
	EndGlobalSection
	GlobalSection(ExtensibilityGlobals) = postSolution
		SolutionGuid = {3A5BE565-2BED-4D5C-93F4-E8F53896652E}
	EndGlobalSection
EndGlobal
