
Microsoft Visual Studio Solution File, Format Version 12.00
# Visual Studio Version 17
VisualStudioVersion = 17.4.33122.133
MinimumVisualStudioVersion = 10.0.40219.1
Project("{FAE04EC0-301F-11D3-BF4B-00C04F79EFBC}") = "UserRegistration", "UserRegistration.csproj", "{17EA370F-F6D7-4823-8641-1BC79B98266C}"
EndProject
Global
	GlobalSection(SolutionConfigurationPlatforms) = preSolution
		Debug|Any CPU = Debug|Any CPU
		Release|Any CPU = Release|Any CPU
	EndGlobalSection
	GlobalSection(ProjectConfigurationPlatforms) = postSolution
		{17EA370F-F6D7-4823-8641-1BC79B98266C}.Debug|Any CPU.ActiveCfg = Debug|Any CPU
		{17EA370F-F6D7-4823-8641-1BC79B98266C}.Debug|Any CPU.Build.0 = Debug|Any CPU
		{17EA370F-F6D7-4823-8641-1BC79B98266C}.Release|Any CPU.ActiveCfg = Release|Any CPU
		{17EA370F-F6D7-4823-8641-1BC79B98266C}.Release|Any CPU.Build.0 = Release|Any CPU
	EndGlobalSection
	GlobalSection(SolutionProperties) = preSolution
		HideSolutionNode = FALSE
	EndGlobalSection
	GlobalSection(ExtensibilityGlobals) = postSolution
		SolutionGuid = {B9A7FD69-46CC-49D9-952D-A06C9B8DB998}
	EndGlobalSection
EndGlobal
